
Microsoft Visual Studio Solution File, Format Version 12.00
# Visual Studio 15
VisualStudioVersion = 15.0.27130.2027
MinimumVisualStudioVersion = 10.0.40219.1
Project("{FAE04EC0-301F-11D3-BF4B-00C04F79EFBC}") = "Checkout.API", "Checkout.API\Checkout.API.csproj", "{D48E9ABA-75E6-4901-A912-02322F1ABF80}"
EndProject
Project("{FAE04EC0-301F-11D3-BF4B-00C04F79EFBC}") = "Checkout.Domain", "Checkout.Domain\Checkout.Domain.csproj", "{4EBDA8F1-1251-44A3-91CB-02818129E466}"
EndProject
Project("{FAE04EC0-301F-11D3-BF4B-00C04F79EFBC}") = "Checkout.Infrastructure", "Checkout.Infrastructure\Checkout.Infrastructure.csproj", "{9E081304-2A67-41A3-BB4F-6A685B81EA74}"
EndProject
Global
	GlobalSection(SolutionConfigurationPlatforms) = preSolution
		Debug|Any CPU = Debug|Any CPU
		Release|Any CPU = Release|Any CPU
	EndGlobalSection
	GlobalSection(ProjectConfigurationPlatforms) = postSolution
		{D48E9ABA-75E6-4901-A912-02322F1ABF80}.Debug|Any CPU.ActiveCfg = Debug|Any CPU
		{D48E9ABA-75E6-4901-A912-02322F1ABF80}.Debug|Any CPU.Build.0 = Debug|Any CPU
		{D48E9ABA-75E6-4901-A912-02322F1ABF80}.Release|Any CPU.ActiveCfg = Release|Any CPU
		{D48E9ABA-75E6-4901-A912-02322F1ABF80}.Release|Any CPU.Build.0 = Release|Any CPU
		{4EBDA8F1-1251-44A3-91CB-02818129E466}.Debug|Any CPU.ActiveCfg = Debug|Any CPU
		{4EBDA8F1-1251-44A3-91CB-02818129E466}.Debug|Any CPU.Build.0 = Debug|Any CPU
		{4EBDA8F1-1251-44A3-91CB-02818129E466}.Release|Any CPU.ActiveCfg = Release|Any CPU
		{4EBDA8F1-1251-44A3-91CB-02818129E466}.Release|Any CPU.Build.0 = Release|Any CPU
		{9E081304-2A67-41A3-BB4F-6A685B81EA74}.Debug|Any CPU.ActiveCfg = Debug|Any CPU
		{9E081304-2A67-41A3-BB4F-6A685B81EA74}.Debug|Any CPU.Build.0 = Debug|Any CPU
		{9E081304-2A67-41A3-BB4F-6A685B81EA74}.Release|Any CPU.ActiveCfg = Release|Any CPU
		{9E081304-2A67-41A3-BB4F-6A685B81EA74}.Release|Any CPU.Build.0 = Release|Any CPU
	EndGlobalSection
	GlobalSection(SolutionProperties) = preSolution
		HideSolutionNode = FALSE
	EndGlobalSection
	GlobalSection(ExtensibilityGlobals) = postSolution
		SolutionGuid = {DB6D7256-34B1-4C80-AB44-A492E5E030BB}
	EndGlobalSection
EndGlobal
